// !$*UTF8*$!
{
	archiveVersion = 1;
	classes = {
	};
	objectVersion = 50;
	objects = {

/* Begin PBXBuildFile section */
		D5F41015267989CE004E9616 /* AppDelegate.swift in Sources */ = {isa = PBXBuildFile; fileRef = D5F41014267989CE004E9616 /* AppDelegate.swift */; };
		D5F41017267989CE004E9616 /* SceneDelegate.swift in Sources */ = {isa = PBXBuildFile; fileRef = D5F41016267989CE004E9616 /* SceneDelegate.swift */; };
		D5F41019267989CE004E9616 /* ContentView.swift in Sources */ = {isa = PBXBuildFile; fileRef = D5F41018267989CE004E9616 /* ContentView.swift */; };
		D5F4101B267989D0004E9616 /* Assets.xcassets in Resources */ = {isa = PBXBuildFile; fileRef = D5F4101A267989D0004E9616 /* Assets.xcassets */; };
		D5F4101E267989D0004E9616 /* Preview Assets.xcassets in Resources */ = {isa = PBXBuildFile; fileRef = D5F4101D267989D0004E9616 /* Preview Assets.xcassets */; };
		D5F41021267989D0004E9616 /* LaunchScreen.storyboard in Resources */ = {isa = PBXBuildFile; fileRef = D5F4101F267989D0004E9616 /* LaunchScreen.storyboard */; };
		D5F4102C267989D0004E9616 /* EmbeddedMapViewInSwiftUITests.swift in Sources */ = {isa = PBXBuildFile; fileRef = D5F4102B267989D0004E9616 /* EmbeddedMapViewInSwiftUITests.swift */; };
		D5F41037267989D0004E9616 /* EmbeddedMapViewInSwiftUIUITests.swift in Sources */ = {isa = PBXBuildFile; fileRef = D5F41036267989D0004E9616 /* EmbeddedMapViewInSwiftUIUITests.swift */; };
/* End PBXBuildFile section */

/* Begin PBXContainerItemProxy section */
		D5F41028267989D0004E9616 /* PBXContainerItemProxy */ = {
			isa = PBXContainerItemProxy;
			containerPortal = D5F41009267989CE004E9616 /* Project object */;
			proxyType = 1;
			remoteGlobalIDString = D5F41010267989CE004E9616;
			remoteInfo = EmbeddedMapViewInSwiftUI;
		};
		D5F41033267989D0004E9616 /* PBXContainerItemProxy */ = {
			isa = PBXContainerItemProxy;
			containerPortal = D5F41009267989CE004E9616 /* Project object */;
			proxyType = 1;
			remoteGlobalIDString = D5F41010267989CE004E9616;
			remoteInfo = EmbeddedMapViewInSwiftUI;
		};
/* End PBXContainerItemProxy section */

/* Begin PBXFileReference section */
		D5F41011267989CE004E9616 /* EmbeddedMapViewInSwiftUI.app */ = {isa = PBXFileReference; explicitFileType = wrapper.application; includeInIndex = 0; path = EmbeddedMapViewInSwiftUI.app; sourceTree = BUILT_PRODUCTS_DIR; };
		D5F41014267989CE004E9616 /* AppDelegate.swift */ = {isa = PBXFileReference; lastKnownFileType = sourcecode.swift; path = AppDelegate.swift; sourceTree = "<group>"; };
		D5F41016267989CE004E9616 /* SceneDelegate.swift */ = {isa = PBXFileReference; lastKnownFileType = sourcecode.swift; path = SceneDelegate.swift; sourceTree = "<group>"; };
		D5F41018267989CE004E9616 /* ContentView.swift */ = {isa = PBXFileReference; lastKnownFileType = sourcecode.swift; path = ContentView.swift; sourceTree = "<group>"; };
		D5F4101A267989D0004E9616 /* Assets.xcassets */ = {isa = PBXFileReference; lastKnownFileType = folder.assetcatalog; path = Assets.xcassets; sourceTree = "<group>"; };
		D5F4101D267989D0004E9616 /* Preview Assets.xcassets */ = {isa = PBXFileReference; lastKnownFileType = folder.assetcatalog; path = "Preview Assets.xcassets"; sourceTree = "<group>"; };
		D5F41020267989D0004E9616 /* Base */ = {isa = PBXFileReference; lastKnownFileType = file.storyboard; name = Base; path = Base.lproj/LaunchScreen.storyboard; sourceTree = "<group>"; };
		D5F41022267989D0004E9616 /* Info.plist */ = {isa = PBXFileReference; lastKnownFileType = text.plist.xml; path = Info.plist; sourceTree = "<group>"; };
		D5F41027267989D0004E9616 /* EmbeddedMapViewInSwiftUITests.xctest */ = {isa = PBXFileReference; explicitFileType = wrapper.cfbundle; includeInIndex = 0; path = EmbeddedMapViewInSwiftUITests.xctest; sourceTree = BUILT_PRODUCTS_DIR; };
		D5F4102B267989D0004E9616 /* EmbeddedMapViewInSwiftUITests.swift */ = {isa = PBXFileReference; lastKnownFileType = sourcecode.swift; path = EmbeddedMapViewInSwiftUITests.swift; sourceTree = "<group>"; };
		D5F4102D267989D0004E9616 /* Info.plist */ = {isa = PBXFileReference; lastKnownFileType = text.plist.xml; path = Info.plist; sourceTree = "<group>"; };
		D5F41032267989D0004E9616 /* EmbeddedMapViewInSwiftUIUITests.xctest */ = {isa = PBXFileReference; explicitFileType = wrapper.cfbundle; includeInIndex = 0; path = EmbeddedMapViewInSwiftUIUITests.xctest; sourceTree = BUILT_PRODUCTS_DIR; };
		D5F41036267989D0004E9616 /* EmbeddedMapViewInSwiftUIUITests.swift */ = {isa = PBXFileReference; lastKnownFileType = sourcecode.swift; path = EmbeddedMapViewInSwiftUIUITests.swift; sourceTree = "<group>"; };
		D5F41038267989D0004E9616 /* Info.plist */ = {isa = PBXFileReference; lastKnownFileType = text.plist.xml; path = Info.plist; sourceTree = "<group>"; };
/* End PBXFileReference section */

/* Begin PBXFrameworksBuildPhase section */
		D5F4100E267989CE004E9616 /* Frameworks */ = {
			isa = PBXFrameworksBuildPhase;
			buildActionMask = 2147483647;
			files = (
			);
			runOnlyForDeploymentPostprocessing = 0;
		};
		D5F41024267989D0004E9616 /* Frameworks */ = {
			isa = PBXFrameworksBuildPhase;
			buildActionMask = 2147483647;
			files = (
			);
			runOnlyForDeploymentPostprocessing = 0;
		};
		D5F4102F267989D0004E9616 /* Frameworks */ = {
			isa = PBXFrameworksBuildPhase;
			buildActionMask = 2147483647;
			files = (
			);
			runOnlyForDeploymentPostprocessing = 0;
		};
/* End PBXFrameworksBuildPhase section */

/* Begin PBXGroup section */
		D5F41008267989CE004E9616 = {
			isa = PBXGroup;
			children = (
				D5F41013267989CE004E9616 /* EmbeddedMapViewInSwiftUI */,
				D5F4102A267989D0004E9616 /* EmbeddedMapViewInSwiftUITests */,
				D5F41035267989D0004E9616 /* EmbeddedMapViewInSwiftUIUITests */,
				D5F41012267989CE004E9616 /* Products */,
			);
			sourceTree = "<group>";
		};
		D5F41012267989CE004E9616 /* Products */ = {
			isa = PBXGroup;
			children = (
				D5F41011267989CE004E9616 /* EmbeddedMapViewInSwiftUI.app */,
				D5F41027267989D0004E9616 /* EmbeddedMapViewInSwiftUITests.xctest */,
				D5F41032267989D0004E9616 /* EmbeddedMapViewInSwiftUIUITests.xctest */,
			);
			name = Products;
			sourceTree = "<group>";
		};
		D5F41013267989CE004E9616 /* EmbeddedMapViewInSwiftUI */ = {
			isa = PBXGroup;
			children = (
				D5F41014267989CE004E9616 /* AppDelegate.swift */,
				D5F41016267989CE004E9616 /* SceneDelegate.swift */,
				D5F41018267989CE004E9616 /* ContentView.swift */,
				D5F4101A267989D0004E9616 /* Assets.xcassets */,
				D5F4101F267989D0004E9616 /* LaunchScreen.storyboard */,
				D5F41022267989D0004E9616 /* Info.plist */,
				D5F4101C267989D0004E9616 /* Preview Content */,
			);
			path = EmbeddedMapViewInSwiftUI;
			sourceTree = "<group>";
		};
		D5F4101C267989D0004E9616 /* Preview Content */ = {
			isa = PBXGroup;
			children = (
				D5F4101D267989D0004E9616 /* Preview Assets.xcassets */,
			);
			path = "Preview Content";
			sourceTree = "<group>";
		};
		D5F4102A267989D0004E9616 /* EmbeddedMapViewInSwiftUITests */ = {
			isa = PBXGroup;
			children = (
				D5F4102B267989D0004E9616 /* EmbeddedMapViewInSwiftUITests.swift */,
				D5F4102D267989D0004E9616 /* Info.plist */,
			);
			path = EmbeddedMapViewInSwiftUITests;
			sourceTree = "<group>";
		};
		D5F41035267989D0004E9616 /* EmbeddedMapViewInSwiftUIUITests */ = {
			isa = PBXGroup;
			children = (
				D5F41036267989D0004E9616 /* EmbeddedMapViewInSwiftUIUITests.swift */,
				D5F41038267989D0004E9616 /* Info.plist */,
			);
			path = EmbeddedMapViewInSwiftUIUITests;
			sourceTree = "<group>";
		};
/* End PBXGroup section */

/* Begin PBXNativeTarget section */
		D5F41010267989CE004E9616 /* EmbeddedMapViewInSwiftUI */ = {
			isa = PBXNativeTarget;
			buildConfigurationList = D5F4103B267989D0004E9616 /* Build configuration list for PBXNativeTarget "EmbeddedMapViewInSwiftUI" */;
			buildPhases = (
				D5F4100D267989CE004E9616 /* Sources */,
				D5F4100E267989CE004E9616 /* Frameworks */,
				D5F4100F267989CE004E9616 /* Resources */,
			);
			buildRules = (
			);
			dependencies = (
			);
			name = EmbeddedMapViewInSwiftUI;
			productName = EmbeddedMapViewInSwiftUI;
			productReference = D5F41011267989CE004E9616 /* EmbeddedMapViewInSwiftUI.app */;
			productType = "com.apple.product-type.application";
		};
		D5F41026267989D0004E9616 /* EmbeddedMapViewInSwiftUITests */ = {
			isa = PBXNativeTarget;
			buildConfigurationList = D5F4103E267989D0004E9616 /* Build configuration list for PBXNativeTarget "EmbeddedMapViewInSwiftUITests" */;
			buildPhases = (
				D5F41023267989D0004E9616 /* Sources */,
				D5F41024267989D0004E9616 /* Frameworks */,
				D5F41025267989D0004E9616 /* Resources */,
			);
			buildRules = (
			);
			dependencies = (
				D5F41029267989D0004E9616 /* PBXTargetDependency */,
			);
			name = EmbeddedMapViewInSwiftUITests;
			productName = EmbeddedMapViewInSwiftUITests;
			productReference = D5F41027267989D0004E9616 /* EmbeddedMapViewInSwiftUITests.xctest */;
			productType = "com.apple.product-type.bundle.unit-test";
		};
		D5F41031267989D0004E9616 /* EmbeddedMapViewInSwiftUIUITests */ = {
			isa = PBXNativeTarget;
			buildConfigurationList = D5F41041267989D0004E9616 /* Build configuration list for PBXNativeTarget "EmbeddedMapViewInSwiftUIUITests" */;
			buildPhases = (
				D5F4102E267989D0004E9616 /* Sources */,
				D5F4102F267989D0004E9616 /* Frameworks */,
				D5F41030267989D0004E9616 /* Resources */,
			);
			buildRules = (
			);
			dependencies = (
				D5F41034267989D0004E9616 /* PBXTargetDependency */,
			);
			name = EmbeddedMapViewInSwiftUIUITests;
			productName = EmbeddedMapViewInSwiftUIUITests;
			productReference = D5F41032267989D0004E9616 /* EmbeddedMapViewInSwiftUIUITests.xctest */;
			productType = "com.apple.product-type.bundle.ui-testing";
		};
/* End PBXNativeTarget section */

/* Begin PBXProject section */
		D5F41009267989CE004E9616 /* Project object */ = {
			isa = PBXProject;
			attributes = {
				LastSwiftUpdateCheck = 1250;
				LastUpgradeCheck = 1250;
				TargetAttributes = {
					D5F41010267989CE004E9616 = {
						CreatedOnToolsVersion = 12.5;
					};
					D5F41026267989D0004E9616 = {
						CreatedOnToolsVersion = 12.5;
						TestTargetID = D5F41010267989CE004E9616;
					};
					D5F41031267989D0004E9616 = {
						CreatedOnToolsVersion = 12.5;
						TestTargetID = D5F41010267989CE004E9616;
					};
				};
			};
			buildConfigurationList = D5F4100C267989CE004E9616 /* Build configuration list for PBXProject "EmbeddedMapViewInSwiftUI" */;
			compatibilityVersion = "Xcode 9.3";
			developmentRegion = en;
			hasScannedForEncodings = 0;
			knownRegions = (
				en,
				Base,
			);
			mainGroup = D5F41008267989CE004E9616;
			productRefGroup = D5F41012267989CE004E9616 /* Products */;
			projectDirPath = "";
			projectRoot = "";
			targets = (
				D5F41010267989CE004E9616 /* EmbeddedMapViewInSwiftUI */,
				D5F41026267989D0004E9616 /* EmbeddedMapViewInSwiftUITests */,
				D5F41031267989D0004E9616 /* EmbeddedMapViewInSwiftUIUITests */,
			);
		};
/* End PBXProject section */

/* Begin PBXResourcesBuildPhase section */
		D5F4100F267989CE004E9616 /* Resources */ = {
			isa = PBXResourcesBuildPhase;
			buildActionMask = 2147483647;
			files = (
				D5F41021267989D0004E9616 /* LaunchScreen.storyboard in Resources */,
				D5F4101E267989D0004E9616 /* Preview Assets.xcassets in Resources */,
				D5F4101B267989D0004E9616 /* Assets.xcassets in Resources */,
			);
			runOnlyForDeploymentPostprocessing = 0;
		};
		D5F41025267989D0004E9616 /* Resources */ = {
			isa = PBXResourcesBuildPhase;
			buildActionMask = 2147483647;
			files = (
			);
			runOnlyForDeploymentPostprocessing = 0;
		};
		D5F41030267989D0004E9616 /* Resources */ = {
			isa = PBXResourcesBuildPhase;
			buildActionMask = 2147483647;
			files = (
			);
			runOnlyForDeploymentPostprocessing = 0;
		};
/* End PBXResourcesBuildPhase section */

/* Begin PBXSourcesBuildPhase section */
		D5F4100D267989CE004E9616 /* Sources */ = {
			isa = PBXSourcesBuildPhase;
			buildActionMask = 2147483647;
			files = (
				D5F41015267989CE004E9616 /* AppDelegate.swift in Sources */,
				D5F41017267989CE004E9616 /* SceneDelegate.swift in Sources */,
				D5F41019267989CE004E9616 /* ContentView.swift in Sources */,
			);
			runOnlyForDeploymentPostprocessing = 0;
		};
		D5F41023267989D0004E9616 /* Sources */ = {
			isa = PBXSourcesBuildPhase;
			buildActionMask = 2147483647;
			files = (
				D5F4102C267989D0004E9616 /* EmbeddedMapViewInSwiftUITests.swift in Sources */,
			);
			runOnlyForDeploymentPostprocessing = 0;
		};
		D5F4102E267989D0004E9616 /* Sources */ = {
			isa = PBXSourcesBuildPhase;
			buildActionMask = 2147483647;
			files = (
				D5F41037267989D0004E9616 /* EmbeddedMapViewInSwiftUIUITests.swift in Sources */,
			);
			runOnlyForDeploymentPostprocessing = 0;
		};
/* End PBXSourcesBuildPhase section */

/* Begin PBXTargetDependency section */
		D5F41029267989D0004E9616 /* PBXTargetDependency */ = {
			isa = PBXTargetDependency;
			target = D5F41010267989CE004E9616 /* EmbeddedMapViewInSwiftUI */;
			targetProxy = D5F41028267989D0004E9616 /* PBXContainerItemProxy */;
		};
		D5F41034267989D0004E9616 /* PBXTargetDependency */ = {
			isa = PBXTargetDependency;
			target = D5F41010267989CE004E9616 /* EmbeddedMapViewInSwiftUI */;
			targetProxy = D5F41033267989D0004E9616 /* PBXContainerItemProxy */;
		};
/* End PBXTargetDependency section */

/* Begin PBXVariantGroup section */
		D5F4101F267989D0004E9616 /* LaunchScreen.storyboard */ = {
			isa = PBXVariantGroup;
			children = (
				D5F41020267989D0004E9616 /* Base */,
			);
			name = LaunchScreen.storyboard;
			sourceTree = "<group>";
		};
/* End PBXVariantGroup section */

/* Begin XCBuildConfiguration section */
		D5F41039267989D0004E9616 /* Debug */ = {
			isa = XCBuildConfiguration;
			buildSettings = {
				ALWAYS_SEARCH_USER_PATHS = NO;
				CLANG_ANALYZER_NONNULL = YES;
				CLANG_ANALYZER_NUMBER_OBJECT_CONVERSION = YES_AGGRESSIVE;
				CLANG_CXX_LANGUAGE_STANDARD = "gnu++14";
				CLANG_CXX_LIBRARY = "libc++";
				CLANG_ENABLE_MODULES = YES;
				CLANG_ENABLE_OBJC_ARC = YES;
				CLANG_ENABLE_OBJC_WEAK = YES;
				CLANG_WARN_BLOCK_CAPTURE_AUTORELEASING = YES;
				CLANG_WARN_BOOL_CONVERSION = YES;
				CLANG_WARN_COMMA = YES;
				CLANG_WARN_CONSTANT_CONVERSION = YES;
				CLANG_WARN_DEPRECATED_OBJC_IMPLEMENTATIONS = YES;
				CLANG_WARN_DIRECT_OBJC_ISA_USAGE = YES_ERROR;
				CLANG_WARN_DOCUMENTATION_COMMENTS = YES;
				CLANG_WARN_EMPTY_BODY = YES;
				CLANG_WARN_ENUM_CONVERSION = YES;
				CLANG_WARN_INFINITE_RECURSION = YES;
				CLANG_WARN_INT_CONVERSION = YES;
				CLANG_WARN_NON_LITERAL_NULL_CONVERSION = YES;
				CLANG_WARN_OBJC_IMPLICIT_RETAIN_SELF = YES;
				CLANG_WARN_OBJC_LITERAL_CONVERSION = YES;
				CLANG_WARN_OBJC_ROOT_CLASS = YES_ERROR;
				CLANG_WARN_QUOTED_INCLUDE_IN_FRAMEWORK_HEADER = YES;
				CLANG_WARN_RANGE_LOOP_ANALYSIS = YES;
				CLANG_WARN_STRICT_PROTOTYPES = YES;
				CLANG_WARN_SUSPICIOUS_MOVE = YES;
				CLANG_WARN_UNGUARDED_AVAILABILITY = YES_AGGRESSIVE;
				CLANG_WARN_UNREACHABLE_CODE = YES;
				CLANG_WARN__DUPLICATE_METHOD_MATCH = YES;
				COPY_PHASE_STRIP = NO;
				DEBUG_INFORMATION_FORMAT = dwarf;
				ENABLE_STRICT_OBJC_MSGSEND = YES;
				ENABLE_TESTABILITY = YES;
				GCC_C_LANGUAGE_STANDARD = gnu11;
				GCC_DYNAMIC_NO_PIC = NO;
				GCC_NO_COMMON_BLOCKS = YES;
				GCC_OPTIMIZATION_LEVEL = 0;
				GCC_PREPROCESSOR_DEFINITIONS = (
					"DEBUG=1",
					"$(inherited)",
				);
				GCC_WARN_64_TO_32_BIT_CONVERSION = YES;
				GCC_WARN_ABOUT_RETURN_TYPE = YES_ERROR;
				GCC_WARN_UNDECLARED_SELECTOR = YES;
				GCC_WARN_UNINITIALIZED_AUTOS = YES_AGGRESSIVE;
				GCC_WARN_UNUSED_FUNCTION = YES;
				GCC_WARN_UNUSED_VARIABLE = YES;
				IPHONEOS_DEPLOYMENT_TARGET = 14.5;
				MTL_ENABLE_DEBUG_INFO = INCLUDE_SOURCE;
				MTL_FAST_MATH = YES;
				ONLY_ACTIVE_ARCH = YES;
				SDKROOT = iphoneos;
				SWIFT_ACTIVE_COMPILATION_CONDITIONS = DEBUG;
				SWIFT_OPTIMIZATION_LEVEL = "-Onone";
			};
			name = Debug;
		};
		D5F4103A267989D0004E9616 /* Release */ = {
			isa = XCBuildConfiguration;
			buildSettings = {
				ALWAYS_SEARCH_USER_PATHS = NO;
				CLANG_ANALYZER_NONNULL = YES;
				CLANG_ANALYZER_NUMBER_OBJECT_CONVERSION = YES_AGGRESSIVE;
				CLANG_CXX_LANGUAGE_STANDARD = "gnu++14";
				CLANG_CXX_LIBRARY = "libc++";
				CLANG_ENABLE_MODULES = YES;
				CLANG_ENABLE_OBJC_ARC = YES;
				CLANG_ENABLE_OBJC_WEAK = YES;
				CLANG_WARN_BLOCK_CAPTURE_AUTORELEASING = YES;
				CLANG_WARN_BOOL_CONVERSION = YES;
				CLANG_WARN_COMMA = YES;
				CLANG_WARN_CONSTANT_CONVERSION = YES;
				CLANG_WARN_DEPRECATED_OBJC_IMPLEMENTATIONS = YES;
				CLANG_WARN_DIRECT_OBJC_ISA_USAGE = YES_ERROR;
				CLANG_WARN_DOCUMENTATION_COMMENTS = YES;
				CLANG_WARN_EMPTY_BODY = YES;
				CLANG_WARN_ENUM_CONVERSION = YES;
				CLANG_WARN_INFINITE_RECURSION = YES;
				CLANG_WARN_INT_CONVERSION = YES;
				CLANG_WARN_NON_LITERAL_NULL_CONVERSION = YES;
				CLANG_WARN_OBJC_IMPLICIT_RETAIN_SELF = YES;
				CLANG_WARN_OBJC_LITERAL_CONVERSION = YES;
				CLANG_WARN_OBJC_ROOT_CLASS = YES_ERROR;
				CLANG_WARN_QUOTED_INCLUDE_IN_FRAMEWORK_HEADER = YES;
				CLANG_WARN_RANGE_LOOP_ANALYSIS = YES;
				CLANG_WARN_STRICT_PROTOTYPES = YES;
				CLANG_WARN_SUSPICIOUS_MOVE = YES;
				CLANG_WARN_UNGUARDED_AVAILABILITY = YES_AGGRESSIVE;
				CLANG_WARN_UNREACHABLE_CODE = YES;
				CLANG_WARN__DUPLICATE_METHOD_MATCH = YES;
				COPY_PHASE_STRIP = NO;
				DEBUG_INFORMATION_FORMAT = "dwarf-with-dsym";
				ENABLE_NS_ASSERTIONS = NO;
				ENABLE_STRICT_OBJC_MSGSEND = YES;
				GCC_C_LANGUAGE_STANDARD = gnu11;
				GCC_NO_COMMON_BLOCKS = YES;
				GCC_WARN_64_TO_32_BIT_CONVERSION = YES;
				GCC_WARN_ABOUT_RETURN_TYPE = YES_ERROR;
				GCC_WARN_UNDECLARED_SELECTOR = YES;
				GCC_WARN_UNINITIALIZED_AUTOS = YES_AGGRESSIVE;
				GCC_WARN_UNUSED_FUNCTION = YES;
				GCC_WARN_UNUSED_VARIABLE = YES;
				IPHONEOS_DEPLOYMENT_TARGET = 14.5;
				MTL_ENABLE_DEBUG_INFO = NO;
				MTL_FAST_MATH = YES;
				SDKROOT = iphoneos;
				SWIFT_COMPILATION_MODE = wholemodule;
				SWIFT_OPTIMIZATION_LEVEL = "-O";
				VALIDATE_PRODUCT = YES;
			};
			name = Release;
		};
		D5F4103C267989D0004E9616 /* Debug */ = {
			isa = XCBuildConfiguration;
			buildSettings = {
				ASSETCATALOG_COMPILER_APPICON_NAME = AppIcon;
				ASSETCATALOG_COMPILER_GLOBAL_ACCENT_COLOR_NAME = AccentColor;
				CODE_SIGN_STYLE = Automatic;
				DEVELOPMENT_ASSET_PATHS = "\"EmbeddedMapViewInSwiftUI/Preview Content\"";
				ENABLE_PREVIEWS = YES;
				INFOPLIST_FILE = EmbeddedMapViewInSwiftUI/Info.plist;
				LD_RUNPATH_SEARCH_PATHS = (
					"$(inherited)",
					"@executable_path/Frameworks",
				);
				PRODUCT_BUNDLE_IDENTIFIER = com.t.EmbeddedMapViewInSwiftUI;
				PRODUCT_NAME = "$(TARGET_NAME)";
				SWIFT_VERSION = 5.0;
				TARGETED_DEVICE_FAMILY = "1,2";
			};
			name = Debug;
		};
		D5F4103D267989D0004E9616 /* Release */ = {
			isa = XCBuildConfiguration;
			buildSettings = {
				ASSETCATALOG_COMPILER_APPICON_NAME = AppIcon;
				ASSETCATALOG_COMPILER_GLOBAL_ACCENT_COLOR_NAME = AccentColor;
				CODE_SIGN_STYLE = Automatic;
				DEVELOPMENT_ASSET_PATHS = "\"EmbeddedMapViewInSwiftUI/Preview Content\"";
				ENABLE_PREVIEWS = YES;
				INFOPLIST_FILE = EmbeddedMapViewInSwiftUI/Info.plist;
				LD_RUNPATH_SEARCH_PATHS = (
					"$(inherited)",
					"@executable_path/Frameworks",
				);
				PRODUCT_BUNDLE_IDENTIFIER = com.t.EmbeddedMapViewInSwiftUI;
				PRODUCT_NAME = "$(TARGET_NAME)";
				SWIFT_VERSION = 5.0;
				TARGETED_DEVICE_FAMILY = "1,2";
			};
			name = Release;
		};
		D5F4103F267989D0004E9616 /* Debug */ = {
			isa = XCBuildConfiguration;
			buildSettings = {
				ALWAYS_EMBED_SWIFT_STANDARD_LIBRARIES = YES;
				BUNDLE_LOADER = "$(TEST_HOST)";
				CODE_SIGN_STYLE = Automatic;
				INFOPLIST_FILE = EmbeddedMapViewInSwiftUITests/Info.plist;
				IPHONEOS_DEPLOYMENT_TARGET = 14.5;
				LD_RUNPATH_SEARCH_PATHS = (
					"$(inherited)",
					"@executable_path/Frameworks",
					"@loader_path/Frameworks",
				);
				PRODUCT_BUNDLE_IDENTIFIER = com.t.EmbeddedMapViewInSwiftUITests;
				PRODUCT_NAME = "$(TARGET_NAME)";
				SWIFT_VERSION = 5.0;
				TARGETED_DEVICE_FAMILY = "1,2";
				TEST_HOST = "$(BUILT_PRODUCTS_DIR)/EmbeddedMapViewInSwiftUI.app/EmbeddedMapViewInSwiftUI";
			};
			name = Debug;
		};
		D5F41040267989D0004E9616 /* Release */ = {
			isa = XCBuildConfiguration;
			buildSettings = {
				ALWAYS_EMBED_SWIFT_STANDARD_LIBRARIES = YES;
				BUNDLE_LOADER = "$(TEST_HOST)";
				CODE_SIGN_STYLE = Automatic;
				INFOPLIST_FILE = EmbeddedMapViewInSwiftUITests/Info.plist;
				IPHONEOS_DEPLOYMENT_TARGET = 14.5;
				LD_RUNPATH_SEARCH_PATHS = (
					"$(inherited)",
					"@executable_path/Frameworks",
					"@loader_path/Frameworks",
				);
				PRODUCT_BUNDLE_IDENTIFIER = com.t.EmbeddedMapViewInSwiftUITests;
				PRODUCT_NAME = "$(TARGET_NAME)";
				SWIFT_VERSION = 5.0;
				TARGETED_DEVICE_FAMILY = "1,2";
				TEST_HOST = "$(BUILT_PRODUCTS_DIR)/EmbeddedMapViewInSwiftUI.app/EmbeddedMapViewInSwiftUI";
			};
			name = Release;
		};
		D5F41042267989D0004E9616 /* Debug */ = {
			isa = XCBuildConfiguration;
			buildSettings = {
				ALWAYS_EMBED_SWIFT_STANDARD_LIBRARIES = YES;
				CODE_SIGN_STYLE = Automatic;
				INFOPLIST_FILE = EmbeddedMapViewInSwiftUIUITests/Info.plist;
				LD_RUNPATH_SEARCH_PATHS = (
					"$(inherited)",
					"@executable_path/Frameworks",
					"@loader_path/Frameworks",
				);
				PRODUCT_BUNDLE_IDENTIFIER = com.t.EmbeddedMapViewInSwiftUIUITests;
				PRODUCT_NAME = "$(TARGET_NAME)";
				SWIFT_VERSION = 5.0;
				TARGETED_DEVICE_FAMILY = "1,2";
				TEST_TARGET_NAME = EmbeddedMapViewInSwiftUI;
			};
			name = Debug;
		};
		D5F41043267989D0004E9616 /* Release */ = {
			isa = XCBuildConfiguration;
			buildSettings = {
				ALWAYS_EMBED_SWIFT_STANDARD_LIBRARIES = YES;
				CODE_SIGN_STYLE = Automatic;
				INFOPLIST_FILE = EmbeddedMapViewInSwiftUIUITests/Info.plist;
				LD_RUNPATH_SEARCH_PATHS = (
					"$(inherited)",
					"@executable_path/Frameworks",
					"@loader_path/Frameworks",
				);
				PRODUCT_BUNDLE_IDENTIFIER = com.t.EmbeddedMapViewInSwiftUIUITests;
				PRODUCT_NAME = "$(TARGET_NAME)";
				SWIFT_VERSION = 5.0;
				TARGETED_DEVICE_FAMILY = "1,2";
				TEST_TARGET_NAME = EmbeddedMapViewInSwiftUI;
			};
			name = Release;
		};
/* End XCBuildConfiguration section */

/* Begin XCConfigurationList section */
		D5F4100C267989CE004E9616 /* Build configuration list for PBXProject "EmbeddedMapViewInSwiftUI" */ = {
			isa = XCConfigurationList;
			buildConfigurations = (
				D5F41039267989D0004E9616 /* Debug */,
				D5F4103A267989D0004E9616 /* Release */,
			);
			defaultConfigurationIsVisible = 0;
			defaultConfigurationName = Release;
		};
		D5F4103B267989D0004E9616 /* Build configuration list for PBXNativeTarget "EmbeddedMapViewInSwiftUI" */ = {
			isa = XCConfigurationList;
			buildConfigurations = (
				D5F4103C267989D0004E9616 /* Debug */,
				D5F4103D267989D0004E9616 /* Release */,
			);
			defaultConfigurationIsVisible = 0;
			defaultConfigurationName = Release;
		};
		D5F4103E267989D0004E9616 /* Build configuration list for PBXNativeTarget "EmbeddedMapViewInSwiftUITests" */ = {
			isa = XCConfigurationList;
			buildConfigurations = (
				D5F4103F267989D0004E9616 /* Debug */,
				D5F41040267989D0004E9616 /* Release */,
			);
			defaultConfigurationIsVisible = 0;
			defaultConfigurationName = Release;
		};
		D5F41041267989D0004E9616 /* Build configuration list for PBXNativeTarget "EmbeddedMapViewInSwiftUIUITests" */ = {
			isa = XCConfigurationList;
			buildConfigurations = (
				D5F41042267989D0004E9616 /* Debug */,
				D5F41043267989D0004E9616 /* Release */,
			);
			defaultConfigurationIsVisible = 0;
			defaultConfigurationName = Release;
		};
/* End XCConfigurationList section */
	};
	rootObject = D5F41009267989CE004E9616 /* Project object */;
}
